
Microsoft Visual Studio Solution File, Format Version 12.00
# Visual Studio 15
VisualStudioVersion = 15.0.26430.6
MinimumVisualStudioVersion = 10.0.40219.1
Project("{FAE04EC0-301F-11D3-BF4B-00C04F79EFBC}") = "MonkeyHubApp.Android", "MonkeyHubApp\MonkeyHubApp.Android\MonkeyHubApp.Android.csproj", "{D4C5F961-8BE1-4314-BF35-A435FB1BD9BD}"
EndProject
Project("{FAE04EC0-301F-11D3-BF4B-00C04F79EFBC}") = "MonkeyHubApp", "MonkeyHubApp\MonkeyHubApp\MonkeyHubApp.csproj", "{8D570872-17CB-4446-92F2-302521AAF230}"
EndProject
Project("{FAE04EC0-301F-11D3-BF4B-00C04F79EFBC}") = "MonkeyHubApp.UWP", "MonkeyHubApp\MonkeyHubApp.UWP\MonkeyHubApp.UWP.csproj", "{F3CD4485-C4C5-429C-AAAD-095FE0651E33}"
EndProject
Project("{FAE04EC0-301F-11D3-BF4B-00C04F79EFBC}") = "MonkeyHubApp.iOS", "MonkeyHubApp\MonkeyHubApp.iOS\MonkeyHubApp.iOS.csproj", "{A9AA3B4B-A830-4B02-8BBD-15ACD44F9F72}"
EndProject
Global
	GlobalSection(SolutionConfigurationPlatforms) = preSolution
		Ad-Hoc|Any CPU = Ad-Hoc|Any CPU
		Ad-Hoc|ARM = Ad-Hoc|ARM
		Ad-Hoc|iPhone = Ad-Hoc|iPhone
		Ad-Hoc|iPhoneSimulator = Ad-Hoc|iPhoneSimulator
		Ad-Hoc|x64 = Ad-Hoc|x64
		Ad-Hoc|x86 = Ad-Hoc|x86
		AppStore|Any CPU = AppStore|Any CPU
		AppStore|ARM = AppStore|ARM
		AppStore|iPhone = AppStore|iPhone
		AppStore|iPhoneSimulator = AppStore|iPhoneSimulator
		AppStore|x64 = AppStore|x64
		AppStore|x86 = AppStore|x86
		Debug|Any CPU = Debug|Any CPU
		Debug|ARM = Debug|ARM
		Debug|iPhone = Debug|iPhone
		Debug|iPhoneSimulator = Debug|iPhoneSimulator
		Debug|x64 = Debug|x64
		Debug|x86 = Debug|x86
		Release|Any CPU = Release|Any CPU
		Release|ARM = Release|ARM
		Release|iPhone = Release|iPhone
		Release|iPhoneSimulator = Release|iPhoneSimulator
		Release|x64 = Release|x64
		Release|x86 = Release|x86
	EndGlobalSection
	GlobalSection(ProjectConfigurationPlatforms) = postSolution
		{D4C5F961-8BE1-4314-BF35-A435FB1BD9BD}.Ad-Hoc|Any CPU.ActiveCfg = Release|Any CPU
		{D4C5F961-8BE1-4314-BF35-A435FB1BD9BD}.Ad-Hoc|Any CPU.Build.0 = Release|Any CPU
		{D4C5F961-8BE1-4314-BF35-A435FB1BD9BD}.Ad-Hoc|Any CPU.Deploy.0 = Release|Any CPU
		{D4C5F961-8BE1-4314-BF35-A435FB1BD9BD}.Ad-Hoc|ARM.ActiveCfg = Release|Any CPU
		{D4C5F961-8BE1-4314-BF35-A435FB1BD9BD}.Ad-Hoc|ARM.Build.0 = Release|Any CPU
		{D4C5F961-8BE1-4314-BF35-A435FB1BD9BD}.Ad-Hoc|ARM.Deploy.0 = Release|Any CPU
		{D4C5F961-8BE1-4314-BF35-A435FB1BD9BD}.Ad-Hoc|iPhone.ActiveCfg = Release|Any CPU
		{D4C5F961-8BE1-4314-BF35-A435FB1BD9BD}.Ad-Hoc|iPhone.Build.0 = Release|Any CPU
		{D4C5F961-8BE1-4314-BF35-A435FB1BD9BD}.Ad-Hoc|iPhone.Deploy.0 = Release|Any CPU
		{D4C5F961-8BE1-4314-BF35-A435FB1BD9BD}.Ad-Hoc|iPhoneSimulator.ActiveCfg = Release|Any CPU
		{D4C5F961-8BE1-4314-BF35-A435FB1BD9BD}.Ad-Hoc|iPhoneSimulator.Build.0 = Release|Any CPU
		{D4C5F961-8BE1-4314-BF35-A435FB1BD9BD}.Ad-Hoc|iPhoneSimulator.Deploy.0 = Release|Any CPU
		{D4C5F961-8BE1-4314-BF35-A435FB1BD9BD}.Ad-Hoc|x64.ActiveCfg = Release|Any CPU
		{D4C5F961-8BE1-4314-BF35-A435FB1BD9BD}.Ad-Hoc|x64.Build.0 = Release|Any CPU
		{D4C5F961-8BE1-4314-BF35-A435FB1BD9BD}.Ad-Hoc|x64.Deploy.0 = Release|Any CPU
		{D4C5F961-8BE1-4314-BF35-A435FB1BD9BD}.Ad-Hoc|x86.ActiveCfg = Release|Any CPU
		{D4C5F961-8BE1-4314-BF35-A435FB1BD9BD}.Ad-Hoc|x86.Build.0 = Release|Any CPU
		{D4C5F961-8BE1-4314-BF35-A435FB1BD9BD}.Ad-Hoc|x86.Deploy.0 = Release|Any CPU
		{D4C5F961-8BE1-4314-BF35-A435FB1BD9BD}.AppStore|Any CPU.ActiveCfg = Release|Any CPU
		{D4C5F961-8BE1-4314-BF35-A435FB1BD9BD}.AppStore|Any CPU.Build.0 = Release|Any CPU
		{D4C5F961-8BE1-4314-BF35-A435FB1BD9BD}.AppStore|Any CPU.Deploy.0 = Release|Any CPU
		{D4C5F961-8BE1-4314-BF35-A435FB1BD9BD}.AppStore|ARM.ActiveCfg = Release|Any CPU
		{D4C5F961-8BE1-4314-BF35-A435FB1BD9BD}.AppStore|ARM.Build.0 = Release|Any CPU
		{D4C5F961-8BE1-4314-BF35-A435FB1BD9BD}.AppStore|ARM.Deploy.0 = Release|Any CPU
		{D4C5F961-8BE1-4314-BF35-A435FB1BD9BD}.AppStore|iPhone.ActiveCfg = Release|Any CPU
		{D4C5F961-8BE1-4314-BF35-A435FB1BD9BD}.AppStore|iPhone.Build.0 = Release|Any CPU
		{D4C5F961-8BE1-4314-BF35-A435FB1BD9BD}.AppStore|iPhone.Deploy.0 = Release|Any CPU
		{D4C5F961-8BE1-4314-BF35-A435FB1BD9BD}.AppStore|iPhoneSimulator.ActiveCfg = Release|Any CPU
		{D4C5F961-8BE1-4314-BF35-A435FB1BD9BD}.AppStore|iPhoneSimulator.Build.0 = Release|Any CPU
		{D4C5F961-8BE1-4314-BF35-A435FB1BD9BD}.AppStore|iPhoneSimulator.Deploy.0 = Release|Any CPU
		{D4C5F961-8BE1-4314-BF35-A435FB1BD9BD}.AppStore|x64.ActiveCfg = Release|Any CPU
		{D4C5F961-8BE1-4314-BF35-A435FB1BD9BD}.AppStore|x64.Build.0 = Release|Any CPU
		{D4C5F961-8BE1-4314-BF35-A435FB1BD9BD}.AppStore|x64.Deploy.0 = Release|Any CPU
		{D4C5F961-8BE1-4314-BF35-A435FB1BD9BD}.AppStore|x86.ActiveCfg = Release|Any CPU
		{D4C5F961-8BE1-4314-BF35-A435FB1BD9BD}.AppStore|x86.Build.0 = Release|Any CPU
		{D4C5F961-8BE1-4314-BF35-A435FB1BD9BD}.AppStore|x86.Deploy.0 = Release|Any CPU
		{D4C5F961-8BE1-4314-BF35-A435FB1BD9BD}.Debug|Any CPU.ActiveCfg = Debug|Any CPU
		{D4C5F961-8BE1-4314-BF35-A435FB1BD9BD}.Debug|Any CPU.Build.0 = Debug|Any CPU
		{D4C5F961-8BE1-4314-BF35-A435FB1BD9BD}.Debug|Any CPU.Deploy.0 = Debug|Any CPU
		{D4C5F961-8BE1-4314-BF35-A435FB1BD9BD}.Debug|ARM.ActiveCfg = Debug|Any CPU
		{D4C5F961-8BE1-4314-BF35-A435FB1BD9BD}.Debug|ARM.Build.0 = Debug|Any CPU
		{D4C5F961-8BE1-4314-BF35-A435FB1BD9BD}.Debug|ARM.Deploy.0 = Debug|Any CPU
		{D4C5F961-8BE1-4314-BF35-A435FB1BD9BD}.Debug|iPhone.ActiveCfg = Debug|Any CPU
		{D4C5F961-8BE1-4314-BF35-A435FB1BD9BD}.Debug|iPhone.Build.0 = Debug|Any CPU
		{D4C5F961-8BE1-4314-BF35-A435FB1BD9BD}.Debug|iPhone.Deploy.0 = Debug|Any CPU
		{D4C5F961-8BE1-4314-BF35-A435FB1BD9BD}.Debug|iPhoneSimulator.ActiveCfg = Debug|Any CPU
		{D4C5F961-8BE1-4314-BF35-A435FB1BD9BD}.Debug|iPhoneSimulator.Build.0 = Debug|Any CPU
		{D4C5F961-8BE1-4314-BF35-A435FB1BD9BD}.Debug|iPhoneSimulator.Deploy.0 = Debug|Any CPU
		{D4C5F961-8BE1-4314-BF35-A435FB1BD9BD}.Debug|x64.ActiveCfg = Debug|Any CPU
		{D4C5F961-8BE1-4314-BF35-A435FB1BD9BD}.Debug|x64.Build.0 = Debug|Any CPU
		{D4C5F961-8BE1-4314-BF35-A435FB1BD9BD}.Debug|x64.Deploy.0 = Debug|Any CPU
		{D4C5F961-8BE1-4314-BF35-A435FB1BD9BD}.Debug|x86.ActiveCfg = Debug|Any CPU
		{D4C5F961-8BE1-4314-BF35-A435FB1BD9BD}.Debug|x86.Build.0 = Debug|Any CPU
		{D4C5F961-8BE1-4314-BF35-A435FB1BD9BD}.Debug|x86.Deploy.0 = Debug|Any CPU
		{D4C5F961-8BE1-4314-BF35-A435FB1BD9BD}.Release|Any CPU.ActiveCfg = Release|Any CPU
		{D4C5F961-8BE1-4314-BF35-A435FB1BD9BD}.Release|Any CPU.Build.0 = Release|Any CPU
		{D4C5F961-8BE1-4314-BF35-A435FB1BD9BD}.Release|Any CPU.Deploy.0 = Release|Any CPU
		{D4C5F961-8BE1-4314-BF35-A435FB1BD9BD}.Release|ARM.ActiveCfg = Release|Any CPU
		{D4C5F961-8BE1-4314-BF35-A435FB1BD9BD}.Release|ARM.Build.0 = Release|Any CPU
		{D4C5F961-8BE1-4314-BF35-A435FB1BD9BD}.Release|ARM.Deploy.0 = Release|Any CPU
		{D4C5F961-8BE1-4314-BF35-A435FB1BD9BD}.Release|iPhone.ActiveCfg = Release|Any CPU
		{D4C5F961-8BE1-4314-BF35-A435FB1BD9BD}.Release|iPhone.Build.0 = Release|Any CPU
		{D4C5F961-8BE1-4314-BF35-A435FB1BD9BD}.Release|iPhone.Deploy.0 = Release|Any CPU
		{D4C5F961-8BE1-4314-BF35-A435FB1BD9BD}.Release|iPhoneSimulator.ActiveCfg = Release|Any CPU
		{D4C5F961-8BE1-4314-BF35-A435FB1BD9BD}.Release|iPhoneSimulator.Build.0 = Release|Any CPU
		{D4C5F961-8BE1-4314-BF35-A435FB1BD9BD}.Release|iPhoneSimulator.Deploy.0 = Release|Any CPU
		{D4C5F961-8BE1-4314-BF35-A435FB1BD9BD}.Release|x64.ActiveCfg = Release|Any CPU
		{D4C5F961-8BE1-4314-BF35-A435FB1BD9BD}.Release|x64.Build.0 = Release|Any CPU
		{D4C5F961-8BE1-4314-BF35-A435FB1BD9BD}.Release|x64.Deploy.0 = Release|Any CPU
		{D4C5F961-8BE1-4314-BF35-A435FB1BD9BD}.Release|x86.ActiveCfg = Release|Any CPU
		{D4C5F961-8BE1-4314-BF35-A435FB1BD9BD}.Release|x86.Build.0 = Release|Any CPU
		{D4C5F961-8BE1-4314-BF35-A435FB1BD9BD}.Release|x86.Deploy.0 = Release|Any CPU
		{8D570872-17CB-4446-92F2-302521AAF230}.Ad-Hoc|Any CPU.ActiveCfg = Release|Any CPU
		{8D570872-17CB-4446-92F2-302521AAF230}.Ad-Hoc|Any CPU.Build.0 = Release|Any CPU
		{8D570872-17CB-4446-92F2-302521AAF230}.Ad-Hoc|ARM.ActiveCfg = Release|Any CPU
		{8D570872-17CB-4446-92F2-302521AAF230}.Ad-Hoc|ARM.Build.0 = Release|Any CPU
		{8D570872-17CB-4446-92F2-302521AAF230}.Ad-Hoc|iPhone.ActiveCfg = Release|Any CPU
		{8D570872-17CB-4446-92F2-302521AAF230}.Ad-Hoc|iPhone.Build.0 = Release|Any CPU
		{8D570872-17CB-4446-92F2-302521AAF230}.Ad-Hoc|iPhoneSimulator.ActiveCfg = Release|Any CPU
		{8D570872-17CB-4446-92F2-302521AAF230}.Ad-Hoc|iPhoneSimulator.Build.0 = Release|Any CPU
		{8D570872-17CB-4446-92F2-302521AAF230}.Ad-Hoc|x64.ActiveCfg = Release|Any CPU
		{8D570872-17CB-4446-92F2-302521AAF230}.Ad-Hoc|x64.Build.0 = Release|Any CPU
		{8D570872-17CB-4446-92F2-302521AAF230}.Ad-Hoc|x86.ActiveCfg = Release|Any CPU
		{8D570872-17CB-4446-92F2-302521AAF230}.Ad-Hoc|x86.Build.0 = Release|Any CPU
		{8D570872-17CB-4446-92F2-302521AAF230}.AppStore|Any CPU.ActiveCfg = Release|Any CPU
		{8D570872-17CB-4446-92F2-302521AAF230}.AppStore|Any CPU.Build.0 = Release|Any CPU
		{8D570872-17CB-4446-92F2-302521AAF230}.AppStore|ARM.ActiveCfg = Release|Any CPU
		{8D570872-17CB-4446-92F2-302521AAF230}.AppStore|ARM.Build.0 = Release|Any CPU
		{8D570872-17CB-4446-92F2-302521AAF230}.AppStore|iPhone.ActiveCfg = Release|Any CPU
		{8D570872-17CB-4446-92F2-302521AAF230}.AppStore|iPhone.Build.0 = Release|Any CPU
		{8D570872-17CB-4446-92F2-302521AAF230}.AppStore|iPhoneSimulator.ActiveCfg = Release|Any CPU
		{8D570872-17CB-4446-92F2-302521AAF230}.AppStore|iPhoneSimulator.Build.0 = Release|Any CPU
		{8D570872-17CB-4446-92F2-302521AAF230}.AppStore|x64.ActiveCfg = Release|Any CPU
		{8D570872-17CB-4446-92F2-302521AAF230}.AppStore|x64.Build.0 = Release|Any CPU
		{8D570872-17CB-4446-92F2-302521AAF230}.AppStore|x86.ActiveCfg = Release|Any CPU
		{8D570872-17CB-4446-92F2-302521AAF230}.AppStore|x86.Build.0 = Release|Any CPU
		{8D570872-17CB-4446-92F2-302521AAF230}.Debug|Any CPU.ActiveCfg = Debug|Any CPU
		{8D570872-17CB-4446-92F2-302521AAF230}.Debug|Any CPU.Build.0 = Debug|Any CPU
		{8D570872-17CB-4446-92F2-302521AAF230}.Debug|ARM.ActiveCfg = Debug|Any CPU
		{8D570872-17CB-4446-92F2-302521AAF230}.Debug|ARM.Build.0 = Debug|Any CPU
		{8D570872-17CB-4446-92F2-302521AAF230}.Debug|iPhone.ActiveCfg = Debug|Any CPU
		{8D570872-17CB-4446-92F2-302521AAF230}.Debug|iPhone.Build.0 = Debug|Any CPU
		{8D570872-17CB-4446-92F2-302521AAF230}.Debug|iPhoneSimulator.ActiveCfg = Debug|Any CPU
		{8D570872-17CB-4446-92F2-302521AAF230}.Debug|iPhoneSimulator.Build.0 = Debug|Any CPU
		{8D570872-17CB-4446-92F2-302521AAF230}.Debug|x64.ActiveCfg = Debug|Any CPU
		{8D570872-17CB-4446-92F2-302521AAF230}.Debug|x64.Build.0 = Debug|Any CPU
		{8D570872-17CB-4446-92F2-302521AAF230}.Debug|x86.ActiveCfg = Debug|Any CPU
		{8D570872-17CB-4446-92F2-302521AAF230}.Debug|x86.Build.0 = Debug|Any CPU
		{8D570872-17CB-4446-92F2-302521AAF230}.Release|Any CPU.ActiveCfg = Release|Any CPU
		{8D570872-17CB-4446-92F2-302521AAF230}.Release|Any CPU.Build.0 = Release|Any CPU
		{8D570872-17CB-4446-92F2-302521AAF230}.Release|ARM.ActiveCfg = Release|Any CPU
		{8D570872-17CB-4446-92F2-302521AAF230}.Release|ARM.Build.0 = Release|Any CPU
		{8D570872-17CB-4446-92F2-302521AAF230}.Release|iPhone.ActiveCfg = Release|Any CPU
		{8D570872-17CB-4446-92F2-302521AAF230}.Release|iPhone.Build.0 = Release|Any CPU
		{8D570872-17CB-4446-92F2-302521AAF230}.Release|iPhoneSimulator.ActiveCfg = Release|Any CPU
		{8D570872-17CB-4446-92F2-302521AAF230}.Release|iPhoneSimulator.Build.0 = Release|Any CPU
		{8D570872-17CB-4446-92F2-302521AAF230}.Release|x64.ActiveCfg = Release|Any CPU
		{8D570872-17CB-4446-92F2-302521AAF230}.Release|x64.Build.0 = Release|Any CPU
		{8D570872-17CB-4446-92F2-302521AAF230}.Release|x86.ActiveCfg = Release|Any CPU
		{8D570872-17CB-4446-92F2-302521AAF230}.Release|x86.Build.0 = Release|Any CPU
		{F3CD4485-C4C5-429C-AAAD-095FE0651E33}.Ad-Hoc|Any CPU.ActiveCfg = Release|x86
		{F3CD4485-C4C5-429C-AAAD-095FE0651E33}.Ad-Hoc|Any CPU.Build.0 = Release|x86
		{F3CD4485-C4C5-429C-AAAD-095FE0651E33}.Ad-Hoc|Any CPU.Deploy.0 = Release|x86
		{F3CD4485-C4C5-429C-AAAD-095FE0651E33}.Ad-Hoc|ARM.ActiveCfg = Release|ARM
		{F3CD4485-C4C5-429C-AAAD-095FE0651E33}.Ad-Hoc|ARM.Build.0 = Release|ARM
		{F3CD4485-C4C5-429C-AAAD-095FE0651E33}.Ad-Hoc|ARM.Deploy.0 = Release|ARM
		{F3CD4485-C4C5-429C-AAAD-095FE0651E33}.Ad-Hoc|iPhone.ActiveCfg = Release|x86
		{F3CD4485-C4C5-429C-AAAD-095FE0651E33}.Ad-Hoc|iPhone.Build.0 = Release|x86
		{F3CD4485-C4C5-429C-AAAD-095FE0651E33}.Ad-Hoc|iPhone.Deploy.0 = Release|x86
		{F3CD4485-C4C5-429C-AAAD-095FE0651E33}.Ad-Hoc|iPhoneSimulator.ActiveCfg = Release|x86
		{F3CD4485-C4C5-429C-AAAD-095FE0651E33}.Ad-Hoc|iPhoneSimulator.Build.0 = Release|x86
		{F3CD4485-C4C5-429C-AAAD-095FE0651E33}.Ad-Hoc|iPhoneSimulator.Deploy.0 = Release|x86
		{F3CD4485-C4C5-429C-AAAD-095FE0651E33}.Ad-Hoc|x64.ActiveCfg = Release|x64
		{F3CD4485-C4C5-429C-AAAD-095FE0651E33}.Ad-Hoc|x64.Build.0 = Release|x64
		{F3CD4485-C4C5-429C-AAAD-095FE0651E33}.Ad-Hoc|x64.Deploy.0 = Release|x64
		{F3CD4485-C4C5-429C-AAAD-095FE0651E33}.Ad-Hoc|x86.ActiveCfg = Release|x86
		{F3CD4485-C4C5-429C-AAAD-095FE0651E33}.Ad-Hoc|x86.Build.0 = Release|x86
		{F3CD4485-C4C5-429C-AAAD-095FE0651E33}.Ad-Hoc|x86.Deploy.0 = Release|x86
		{F3CD4485-C4C5-429C-AAAD-095FE0651E33}.AppStore|Any CPU.ActiveCfg = Release|x86
		{F3CD4485-C4C5-429C-AAAD-095FE0651E33}.AppStore|Any CPU.Build.0 = Release|x86
		{F3CD4485-C4C5-429C-AAAD-095FE0651E33}.AppStore|Any CPU.Deploy.0 = Release|x86
		{F3CD4485-C4C5-429C-AAAD-095FE0651E33}.AppStore|ARM.ActiveCfg = Release|ARM
		{F3CD4485-C4C5-429C-AAAD-095FE0651E33}.AppStore|ARM.Build.0 = Release|ARM
		{F3CD4485-C4C5-429C-AAAD-095FE0651E33}.AppStore|ARM.Deploy.0 = Release|ARM
		{F3CD4485-C4C5-429C-AAAD-095FE0651E33}.AppStore|iPhone.ActiveCfg = Release|x86
		{F3CD4485-C4C5-429C-AAAD-095FE0651E33}.AppStore|iPhone.Build.0 = Release|x86
		{F3CD4485-C4C5-429C-AAAD-095FE0651E33}.AppStore|iPhone.Deploy.0 = Release|x86
		{F3CD4485-C4C5-429C-AAAD-095FE0651E33}.AppStore|iPhoneSimulator.ActiveCfg = Release|x86
		{F3CD4485-C4C5-429C-AAAD-095FE0651E33}.AppStore|iPhoneSimulator.Build.0 = Release|x86
		{F3CD4485-C4C5-429C-AAAD-095FE0651E33}.AppStore|iPhoneSimulator.Deploy.0 = Release|x86
		{F3CD4485-C4C5-429C-AAAD-095FE0651E33}.AppStore|x64.ActiveCfg = Release|x64
		{F3CD4485-C4C5-429C-AAAD-095FE0651E33}.AppStore|x64.Build.0 = Release|x64
		{F3CD4485-C4C5-429C-AAAD-095FE0651E33}.AppStore|x64.Deploy.0 = Release|x64
		{F3CD4485-C4C5-429C-AAAD-095FE0651E33}.AppStore|x86.ActiveCfg = Release|x86
		{F3CD4485-C4C5-429C-AAAD-095FE0651E33}.AppStore|x86.Build.0 = Release|x86
		{F3CD4485-C4C5-429C-AAAD-095FE0651E33}.AppStore|x86.Deploy.0 = Release|x86
		{F3CD4485-C4C5-429C-AAAD-095FE0651E33}.Debug|Any CPU.ActiveCfg = Debug|x86
		{F3CD4485-C4C5-429C-AAAD-095FE0651E33}.Debug|ARM.ActiveCfg = Debug|ARM
		{F3CD4485-C4C5-429C-AAAD-095FE0651E33}.Debug|ARM.Build.0 = Debug|ARM
		{F3CD4485-C4C5-429C-AAAD-095FE0651E33}.Debug|ARM.Deploy.0 = Debug|ARM
		{F3CD4485-C4C5-429C-AAAD-095FE0651E33}.Debug|iPhone.ActiveCfg = Debug|x86
		{F3CD4485-C4C5-429C-AAAD-095FE0651E33}.Debug|iPhoneSimulator.ActiveCfg = Debug|x86
		{F3CD4485-C4C5-429C-AAAD-095FE0651E33}.Debug|x64.ActiveCfg = Debug|x64
		{F3CD4485-C4C5-429C-AAAD-095FE0651E33}.Debug|x64.Build.0 = Debug|x64
		{F3CD4485-C4C5-429C-AAAD-095FE0651E33}.Debug|x64.Deploy.0 = Debug|x64
		{F3CD4485-C4C5-429C-AAAD-095FE0651E33}.Debug|x86.ActiveCfg = Debug|x86
		{F3CD4485-C4C5-429C-AAAD-095FE0651E33}.Debug|x86.Build.0 = Debug|x86
		{F3CD4485-C4C5-429C-AAAD-095FE0651E33}.Debug|x86.Deploy.0 = Debug|x86
		{F3CD4485-C4C5-429C-AAAD-095FE0651E33}.Release|Any CPU.ActiveCfg = Release|x86
		{F3CD4485-C4C5-429C-AAAD-095FE0651E33}.Release|ARM.ActiveCfg = Release|ARM
		{F3CD4485-C4C5-429C-AAAD-095FE0651E33}.Release|ARM.Build.0 = Release|ARM
		{F3CD4485-C4C5-429C-AAAD-095FE0651E33}.Release|ARM.Deploy.0 = Release|ARM
		{F3CD4485-C4C5-429C-AAAD-095FE0651E33}.Release|iPhone.ActiveCfg = Release|x86
		{F3CD4485-C4C5-429C-AAAD-095FE0651E33}.Release|iPhoneSimulator.ActiveCfg = Release|x86
		{F3CD4485-C4C5-429C-AAAD-095FE0651E33}.Release|x64.ActiveCfg = Release|x64
		{F3CD4485-C4C5-429C-AAAD-095FE0651E33}.Release|x64.Build.0 = Release|x64
		{F3CD4485-C4C5-429C-AAAD-095FE0651E33}.Release|x64.Deploy.0 = Release|x64
		{F3CD4485-C4C5-429C-AAAD-095FE0651E33}.Release|x86.ActiveCfg = Release|x86
		{F3CD4485-C4C5-429C-AAAD-095FE0651E33}.Release|x86.Build.0 = Release|x86
		{F3CD4485-C4C5-429C-AAAD-095FE0651E33}.Release|x86.Deploy.0 = Release|x86
		{A9AA3B4B-A830-4B02-8BBD-15ACD44F9F72}.Ad-Hoc|Any CPU.ActiveCfg = Ad-Hoc|iPhone
		{A9AA3B4B-A830-4B02-8BBD-15ACD44F9F72}.Ad-Hoc|ARM.ActiveCfg = Ad-Hoc|iPhone
		{A9AA3B4B-A830-4B02-8BBD-15ACD44F9F72}.Ad-Hoc|iPhone.ActiveCfg = Ad-Hoc|iPhone
		{A9AA3B4B-A830-4B02-8BBD-15ACD44F9F72}.Ad-Hoc|iPhone.Build.0 = Ad-Hoc|iPhone
		{A9AA3B4B-A830-4B02-8BBD-15ACD44F9F72}.Ad-Hoc|iPhoneSimulator.ActiveCfg = Ad-Hoc|iPhoneSimulator
		{A9AA3B4B-A830-4B02-8BBD-15ACD44F9F72}.Ad-Hoc|iPhoneSimulator.Build.0 = Ad-Hoc|iPhoneSimulator
		{A9AA3B4B-A830-4B02-8BBD-15ACD44F9F72}.Ad-Hoc|x64.ActiveCfg = Ad-Hoc|iPhone
		{A9AA3B4B-A830-4B02-8BBD-15ACD44F9F72}.Ad-Hoc|x86.ActiveCfg = Ad-Hoc|iPhone
		{A9AA3B4B-A830-4B02-8BBD-15ACD44F9F72}.AppStore|Any CPU.ActiveCfg = AppStore|iPhone
		{A9AA3B4B-A830-4B02-8BBD-15ACD44F9F72}.AppStore|ARM.ActiveCfg = AppStore|iPhone
		{A9AA3B4B-A830-4B02-8BBD-15ACD44F9F72}.AppStore|iPhone.ActiveCfg = AppStore|iPhone
		{A9AA3B4B-A830-4B02-8BBD-15ACD44F9F72}.AppStore|iPhone.Build.0 = AppStore|iPhone
		{A9AA3B4B-A830-4B02-8BBD-15ACD44F9F72}.AppStore|iPhoneSimulator.ActiveCfg = AppStore|iPhoneSimulator
		{A9AA3B4B-A830-4B02-8BBD-15ACD44F9F72}.AppStore|iPhoneSimulator.Build.0 = AppStore|iPhoneSimulator
		{A9AA3B4B-A830-4B02-8BBD-15ACD44F9F72}.AppStore|x64.ActiveCfg = AppStore|iPhone
		{A9AA3B4B-A830-4B02-8BBD-15ACD44F9F72}.AppStore|x86.ActiveCfg = AppStore|iPhone
		{A9AA3B4B-A830-4B02-8BBD-15ACD44F9F72}.Debug|Any CPU.ActiveCfg = Debug|iPhone
		{A9AA3B4B-A830-4B02-8BBD-15ACD44F9F72}.Debug|ARM.ActiveCfg = Debug|iPhone
		{A9AA3B4B-A830-4B02-8BBD-15ACD44F9F72}.Debug|iPhone.ActiveCfg = Debug|iPhone
		{A9AA3B4B-A830-4B02-8BBD-15ACD44F9F72}.Debug|iPhone.Build.0 = Debug|iPhone
		{A9AA3B4B-A830-4B02-8BBD-15ACD44F9F72}.Debug|iPhoneSimulator.ActiveCfg = Debug|iPhoneSimulator
		{A9AA3B4B-A830-4B02-8BBD-15ACD44F9F72}.Debug|iPhoneSimulator.Build.0 = Debug|iPhoneSimulator
		{A9AA3B4B-A830-4B02-8BBD-15ACD44F9F72}.Debug|x64.ActiveCfg = Debug|iPhone
		{A9AA3B4B-A830-4B02-8BBD-15ACD44F9F72}.Debug|x86.ActiveCfg = Debug|iPhone
		{A9AA3B4B-A830-4B02-8BBD-15ACD44F9F72}.Release|Any CPU.ActiveCfg = Release|iPhone
		{A9AA3B4B-A830-4B02-8BBD-15ACD44F9F72}.Release|ARM.ActiveCfg = Release|iPhone
		{A9AA3B4B-A830-4B02-8BBD-15ACD44F9F72}.Release|iPhone.ActiveCfg = Release|iPhone
		{A9AA3B4B-A830-4B02-8BBD-15ACD44F9F72}.Release|iPhone.Build.0 = Release|iPhone
		{A9AA3B4B-A830-4B02-8BBD-15ACD44F9F72}.Release|iPhoneSimulator.ActiveCfg = Release|iPhoneSimulator
		{A9AA3B4B-A830-4B02-8BBD-15ACD44F9F72}.Release|iPhoneSimulator.Build.0 = Release|iPhoneSimulator
		{A9AA3B4B-A830-4B02-8BBD-15ACD44F9F72}.Release|x64.ActiveCfg = Release|iPhone
		{A9AA3B4B-A830-4B02-8BBD-15ACD44F9F72}.Release|x86.ActiveCfg = Release|iPhone
	EndGlobalSection
	GlobalSection(SolutionProperties) = preSolution
		HideSolutionNode = FALSE
	EndGlobalSection
EndGlobal
